
Microsoft Visual Studio Solution File, Format Version 12.00
# Visual Studio Version 16
VisualStudioVersion = 16.0.30104.148
MinimumVisualStudioVersion = 10.0.40219.1
Project("{FAE04EC0-301F-11D3-BF4B-00C04F79EFBC}") = "WF_Csharp_Calc", "WF_Csharp_Calc.csproj", "{72093307-BC05-43AC-B00A-CB4BA4FFED98}"
EndProject
Global
	GlobalSection(SolutionConfigurationPlatforms) = preSolution
		Debug|Any CPU = Debug|Any CPU
		Release|Any CPU = Release|Any CPU
	EndGlobalSection
	GlobalSection(ProjectConfigurationPlatforms) = postSolution
		{72093307-BC05-43AC-B00A-CB4BA4FFED98}.Debug|Any CPU.ActiveCfg = Debug|Any CPU
		{72093307-BC05-43AC-B00A-CB4BA4FFED98}.Debug|Any CPU.Build.0 = Debug|Any CPU
		{72093307-BC05-43AC-B00A-CB4BA4FFED98}.Release|Any CPU.ActiveCfg = Release|Any CPU
		{72093307-BC05-43AC-B00A-CB4BA4FFED98}.Release|Any CPU.Build.0 = Release|Any CPU
	EndGlobalSection
	GlobalSection(SolutionProperties) = preSolution
		HideSolutionNode = FALSE
	EndGlobalSection
	GlobalSection(ExtensibilityGlobals) = postSolution
		SolutionGuid = {1AE06E14-09E3-41CD-AF81-A285334CA2FF}
	EndGlobalSection
EndGlobal
